<?xml version="1.0" encoding="utf-8"?>
<Project ToolsVersion="4.0" xmlns="http://schemas.microsoft.com/developer/msbuild/2003">
  <ItemGroup>
    <Filter Include="Header Files">
      <UniqueIdentifier>{e4cd4cde-2924-40f7-b014-98f509c5175d}</UniqueIdentifier>
    </Filter>
    <Filter Include="Source Files">
      <UniqueIdentifier>{1a46c136-1ff7-4580-b3ef-737ea8d773f2}</UniqueIdentifier>
    </Filter>
    <Filter Include="Resource Files">
      <UniqueIdentifier>{5f1707cf-debb-4fa8-b858-05c153b25104}</UniqueIdentifier>
    </Filter>
  </ItemGroup>
  <ItemGroup>
    <ClCompile Include="SimMain.cpp">
      <Filter>Source Files</Filter>
    </ClCompile>
    <ClCompile Include="NanoCpu.c">
      <Filter>Source Files</Filter>
    </ClCompile>
    <ClCompile Include="NanoMem.c">
      <Filter>Source Files</Filter>
    </ClCompile>
  </ItemGroup>
  <ItemGroup>
    <ClInclude Include="SimMain.h">
      <Filter>Header Files</Filter>
    </ClInclude>
    <ClInclude Include="NanoCpu.h">
      <Filter>Header Files</Filter>
    </ClInclude>
  </ItemGroup>
  <ItemGroup>
    <ResourceCompile Include="NanoSim.rc">
      <Filter>Resource Files</Filter>
    </ResourceCompile>
  </ItemGroup>
</Project>